{
  "version": "2",
  "remote": {
    "https://deno.land/std@0.167.0/async/abortable.ts": "80b2ac399f142cc528f95a037a7d0e653296352d95c681e284533765961de409",
    "https://deno.land/std@0.167.0/async/deadline.ts": "2c2deb53c7c28ca1dda7a3ad81e70508b1ebc25db52559de6b8636c9278fd41f",
    "https://deno.land/std@0.167.0/async/debounce.ts": "60301ffb37e730cd2d6f9dadfd0ecb2a38857681bd7aaf6b0a106b06e5210a98",
    "https://deno.land/std@0.167.0/async/deferred.ts": "77d3f84255c3627f1cc88699d8472b664d7635990d5358c4351623e098e917d6",
    "https://deno.land/std@0.167.0/async/delay.ts": "5a9bfba8de38840308a7a33786a0155a7f6c1f7a859558ddcec5fe06e16daf57",
    "https://deno.land/std@0.167.0/async/mod.ts": "7809ad4bb223e40f5fdc043e5c7ca04e0e25eed35c32c3c32e28697c553fa6d9",
    "https://deno.land/std@0.167.0/async/mux_async_iterator.ts": "770a0ff26c59f8bbbda6b703a2235f04e379f73238e8d66a087edc68c2a2c35f",
    "https://deno.land/std@0.167.0/async/pool.ts": "6854d8cd675a74c73391c82005cbbe4cc58183bddcd1fbbd7c2bcda42b61cf69",
    "https://deno.land/std@0.167.0/async/retry.ts": "e8e5173623915bbc0ddc537698fa418cf875456c347eda1ed453528645b42e67",
    "https://deno.land/std@0.167.0/async/tee.ts": "3a47cc4e9a940904fd4341f0224907e199121c80b831faa5ec2b054c6d2eff5e",
    "https://deno.land/std@0.167.0/dotenv/load.ts": "9adeb1fb395f991f958a06c8b3adafdcbac0056e7a6a35bf9d33eab6347ef63c",
    "https://deno.land/std@0.167.0/dotenv/mod.ts": "9846f28b263c0c793345d74939f69bf34b46446aa2450e070c10a2140064165a",
    "https://deno.land/std@0.167.0/dotenv/util.ts": "6cc392f087577a26a27f0463f77cc0c31a390aa055917099935b36eb2454592d",
    "https://deno.land/std@0.167.0/http/server.ts": "e99c1bee8a3f6571ee4cdeb2966efad465b8f6fe62bec1bdb59c1f007cc4d155",
    "https://deno.land/std@0.170.0/_util/asserts.ts": "d0844e9b62510f89ce1f9878b046f6a57bf88f208a10304aab50efcb48365272",
    "https://deno.land/std@0.170.0/_util/os.ts": "8a33345f74990e627b9dfe2de9b040004b08ea5146c7c9e8fe9a29070d193934",
    "https://deno.land/std@0.170.0/async/abortable.ts": "80b2ac399f142cc528f95a037a7d0e653296352d95c681e284533765961de409",
    "https://deno.land/std@0.170.0/async/deadline.ts": "2c2deb53c7c28ca1dda7a3ad81e70508b1ebc25db52559de6b8636c9278fd41f",
    "https://deno.land/std@0.170.0/async/debounce.ts": "60301ffb37e730cd2d6f9dadfd0ecb2a38857681bd7aaf6b0a106b06e5210a98",
    "https://deno.land/std@0.170.0/async/deferred.ts": "77d3f84255c3627f1cc88699d8472b664d7635990d5358c4351623e098e917d6",
    "https://deno.land/std@0.170.0/async/delay.ts": "5a9bfba8de38840308a7a33786a0155a7f6c1f7a859558ddcec5fe06e16daf57",
    "https://deno.land/std@0.170.0/async/mod.ts": "7809ad4bb223e40f5fdc043e5c7ca04e0e25eed35c32c3c32e28697c553fa6d9",
    "https://deno.land/std@0.170.0/async/mux_async_iterator.ts": "770a0ff26c59f8bbbda6b703a2235f04e379f73238e8d66a087edc68c2a2c35f",
    "https://deno.land/std@0.170.0/async/pool.ts": "6854d8cd675a74c73391c82005cbbe4cc58183bddcd1fbbd7c2bcda42b61cf69",
    "https://deno.land/std@0.170.0/async/retry.ts": "e8e5173623915bbc0ddc537698fa418cf875456c347eda1ed453528645b42e67",
    "https://deno.land/std@0.170.0/async/tee.ts": "3a47cc4e9a940904fd4341f0224907e199121c80b831faa5ec2b054c6d2eff5e",
    "https://deno.land/std@0.170.0/collections/_utils.ts": "fd759867be7a0047a1fa89ec89f7b58ebe3f2f7f089a8f4e416eb30c5d764868",
    "https://deno.land/std@0.170.0/collections/deep_merge.ts": "0303cca7697646c5464ecb3337d494602056babae4f09baf6619f1043ba7eb6d",
    "https://deno.land/std@0.170.0/crypto/_fnv/fnv32.ts": "aa9bddead8c6345087d3abd4ef35fb9655622afc333fc41fff382b36e64280b5",
    "https://deno.land/std@0.170.0/crypto/_fnv/fnv64.ts": "625d7e7505b6cb2e9801b5fd6ed0a89256bac12b2bbb3e4664b85a88b0ec5bef",
    "https://deno.land/std@0.170.0/crypto/_fnv/index.ts": "a8f6a361b4c6d54e5e89c16098f99b6962a1dd6ad1307dbc97fa1ecac5d7060a",
    "https://deno.land/std@0.170.0/crypto/_fnv/util.ts": "4848313bed7f00f55be3cb080aa0583fc007812ba965b03e4009665bde614ce3",
    "https://deno.land/std@0.170.0/crypto/_util.ts": "4a8cb74e7273d2400aa6da582ec58078cf8d54bc66530592048cbd7cc4152621",
    "https://deno.land/std@0.170.0/crypto/_wasm/lib/deno_std_wasm_crypto.generated.mjs": "71c1ac20f32fdbdc9b31a14917779c7fa392dbc8b050059cbb2c35b400b975b1",
    "https://deno.land/std@0.170.0/crypto/_wasm/mod.ts": "b49ec171049bbbaaed3c5a5a71dfcb3d09f880607c8d9c517638d0443bd0f874",
    "https://deno.land/std@0.170.0/crypto/keystack.ts": "ee8ee58ca876f619cef56f40127405f77f9738f50a459b6ba44234b3a2cb6cc8",
    "https://deno.land/std@0.170.0/crypto/mod.ts": "f953406904aa4257a6c76c40eb74b47d8dad83af8a77f33a4639cbac6d311baf",
    "https://deno.land/std@0.170.0/crypto/timing_safe_equal.ts": "3784958e40a5fe10429a68b75cc5f8d34356bf0bc2eb93c80c3033e2a6f17821",
    "https://deno.land/std@0.170.0/crypto/util.ts": "93fc9dbaa62421538ad60ee65337cbf1d8a0298fac3c4f70b37e5627e7e129eb",
    "https://deno.land/std@0.170.0/encoding/base64.ts": "8605e018e49211efc767686f6f687827d7f5fd5217163e981d8d693105640d7a",
    "https://deno.land/std@0.170.0/encoding/base64url.ts": "0283b12fcd306c11e3cf26fc022fecc800c6acc19704ea8bdb3908898fcd06d6",
    "https://deno.land/std@0.170.0/encoding/hex.ts": "b51e99b684486a3ad2406807a8be953f5ef8bac95af202774a759f9fcf0d87a6",
    "https://deno.land/std@0.170.0/flags/mod.ts": "4f50ec6383c02684db35de38b3ffb2cd5b9fcfcc0b1147055d1980c49e82521c",
    "https://deno.land/std@0.170.0/fmt/colors.ts": "03ad95e543d2808bc43c17a3dd29d25b43d0f16287fe562a0be89bf632454a12",
    "https://deno.land/std@0.170.0/fs/_util.ts": "fdc156f897197f261a1c096dcf8ff9267ed0ff42bd5b31f55053a4763a4bae3b",
    "https://deno.land/std@0.170.0/fs/copy.ts": "c6303e52f544c81271c929931f5b59c9cfa4f81930719d2d3f777188c38aac9f",
    "https://deno.land/std@0.170.0/fs/empty_dir.ts": "453d6232ff109f2afb5e57ec14c3228e399205c1b408d85536aed7230290c414",
    "https://deno.land/std@0.170.0/fs/ensure_dir.ts": "5e9e3d7da7fc5b5e391e6d9ccead17086d76e82fb46ccc7cc9b9ee3491bab6e0",
    "https://deno.land/std@0.170.0/fs/ensure_file.ts": "76ef3a8ebef60d8da1fc4316fcb8e20c1b6f52b1baed3a9692ad3b0d1a9a1b03",
    "https://deno.land/std@0.170.0/fs/ensure_link.ts": "adc8919063e26819f5971a0010fedc1bfd71d6350a24db1a36dff432bc35c7d7",
    "https://deno.land/std@0.170.0/fs/ensure_symlink.ts": "5273557b8c50be69477aa9cb003b54ff2240a336db52a40851c97abce76b96ab",
    "https://deno.land/std@0.170.0/fs/eol.ts": "6e784ff8120c8d5589cb258e56dc39bc5b408ac9827a2e914163cbf9f2e3ce92",
    "https://deno.land/std@0.170.0/fs/exists.ts": "6a447912e49eb79cc640adacfbf4b0baf8e17ede6d5bed057062ce33c4fa0d68",
    "https://deno.land/std@0.170.0/fs/expand_glob.ts": "3a92ee4921d2b063b8dfefd1d87c35bf81126f0f1cb16e5a0f4e9ecb88ec6fe3",
    "https://deno.land/std@0.170.0/fs/mod.ts": "79c209c6e66903b3426f9245a4f216380a0ed47ffe9d253f5a61a0bc9ad1f314",
    "https://deno.land/std@0.170.0/fs/move.ts": "02ab1fc9b744da8b496f406e9fc77b0bf7960b6faaa7ec9f5fb0a129e5bef215",
    "https://deno.land/std@0.170.0/fs/walk.ts": "677eac2e5386217a7a4e7526769ae28b41ff4ae7a3cd0389f3aa4eb662545edd",
    "https://deno.land/std@0.170.0/http/file_server.ts": "c26eee517f9fe8a398556f3ba9a65accfa9a85af37e583ae537a4d5126a51dd7",
    "https://deno.land/std@0.170.0/http/http_status.ts": "ed24048cc0d06066c944da59b0301da3ae2f990564bb4ad79bb52a09cf8e9b30",
    "https://deno.land/std@0.170.0/http/server.ts": "1b93c76cd415d7b6ad0ae36c17ccb9149b23f4dff018f7d5aa1ab5c36637eb45",
    "https://deno.land/std@0.170.0/http/util.ts": "759a2b57b44b722d2033d0dfe077f7e9a257f431db6d0319b78dcfebed0adb1e",
    "https://deno.land/std@0.170.0/media_types/_db.ts": "981fb4a1ad1dad6bc896208e9d01929bea31b875b9a400ad145a5e802996b3ea",
    "https://deno.land/std@0.170.0/media_types/_util.ts": "839abd68a8c67f89e3fd8900b89b8d4725368b488f72f067fcf8051e77e3a38d",
    "https://deno.land/std@0.170.0/media_types/content_type.ts": "ecf5e4965195b7c19a0de7b251ae920cfb40897205c5529d829d357bf2218900",
    "https://deno.land/std@0.170.0/media_types/format_media_type.ts": "e5f906e7b0509d47c81b3533ebb96783e57683cc0fcb03ea4e3420c641a80538",
    "https://deno.land/std@0.170.0/media_types/get_charset.ts": "74aee42562808172c3ce2892a7e668f537bf565f2deebd2655a7d5c5b2779857",
    "https://deno.land/std@0.170.0/media_types/parse_media_type.ts": "f40f0b98e7e6883bc2ea0f83482c48e2583a2a9785426dfc665f494f0ca3f17b",
    "https://deno.land/std@0.170.0/media_types/type_by_extension.ts": "5bd760bb9518ba0cf4e40cc5b9d04dc84b0c562d9b04ac2cbd4050a4b47c9a6d",
    "https://deno.land/std@0.170.0/media_types/vendor/mime-db.v1.52.0.ts": "724cee25fa40f1a52d3937d6b4fbbfdd7791ff55e1b7ac08d9319d5632c7f5af",
    "https://deno.land/std@0.170.0/path/_constants.ts": "df1db3ffa6dd6d1252cc9617e5d72165cd2483df90e93833e13580687b6083c3",
    "https://deno.land/std@0.170.0/path/_interface.ts": "ee3b431a336b80cf445441109d089b70d87d5e248f4f90ff906820889ecf8d09",
    "https://deno.land/std@0.170.0/path/_util.ts": "d16be2a16e1204b65f9d0dfc54a9bc472cafe5f4a190b3c8471ec2016ccd1677",
    "https://deno.land/std@0.170.0/path/common.ts": "bee563630abd2d97f99d83c96c2fa0cca7cee103e8cb4e7699ec4d5db7bd2633",
    "https://deno.land/std@0.170.0/path/glob.ts": "81cc6c72be002cd546c7a22d1f263f82f63f37fe0035d9726aa96fc8f6e4afa1",
    "https://deno.land/std@0.170.0/path/mod.ts": "cf7cec7ac11b7048bb66af8ae03513e66595c279c65cfa12bfc07d9599608b78",
    "https://deno.land/std@0.170.0/path/posix.ts": "b859684bc4d80edfd4cad0a82371b50c716330bed51143d6dcdbe59e6278b30c",
    "https://deno.land/std@0.170.0/path/separator.ts": "fe1816cb765a8068afb3e8f13ad272351c85cbc739af56dacfc7d93d710fe0f9",
    "https://deno.land/std@0.170.0/path/win32.ts": "7cebd2bda6657371adc00061a1d23fdd87bcdf64b4843bb148b0b24c11b40f69",
    "https://deno.land/std@0.170.0/version.ts": "eb6935c9beaac221b235d011ba5b127ceb5d3addf329cc01e05806af07ba93e1",
    "https://deno.land/x/backpack@0.0.2/index.js": "1f96aa5d51d25c8cc671e1008a28ef25c129e174bfa773a886a6c48483f53af7",
    "https://deno.land/x/backpack@0.0.2/server.js": "20a1aca320d57ff66ac28424746c3c6b7e0e18d83309d8e54f9d855fae74b2d8",
    "https://deno.land/x/nano_jsx@v0.0.20/component.ts": "ef62d26623b79c46b67f9e8ce0793454f19c7cf544bc37974a8b092f078b266d",
    "https://deno.land/x/nano_jsx@v0.0.20/components/helmet.ts": "e447bc942b84a8edaa74eb2dad1458bd0d9f48b7fa860488c1300621cd66fac5",
    "https://deno.land/x/nano_jsx@v0.0.20/components/img.ts": "b4843bb2e4478054e629ced824b7e7e58a15fa919f79b1a70342a28f966b36ec",
    "https://deno.land/x/nano_jsx@v0.0.20/components/index.ts": "8855ee8302a9a19f38202d4a7ff5b17e22942600da02356bdfbc80c99c5c55f5",
    "https://deno.land/x/nano_jsx@v0.0.20/components/link.ts": "fe1c5abd4fe38773c96d009b25795d99d78c406042d2b21be38e723c7509c151",
    "https://deno.land/x/nano_jsx@v0.0.20/components/router.ts": "3e18c6c48cbdc923dee4a3fdc0807f463ffcd66f2c6de9b6209c69a0fcecc9ce",
    "https://deno.land/x/nano_jsx@v0.0.20/components/suspense.ts": "b5ffef52ed3533b0af949a80b0224defde65409d630130215bc9b32f6e443949",
    "https://deno.land/x/nano_jsx@v0.0.20/components/visible.ts": "f19487f7faff0bad38a5549f1efac1df351e83ee4a77ca5886412b439f4b6b53",
    "https://deno.land/x/nano_jsx@v0.0.20/context.ts": "8e4cee9365ad63e54991cd7e1f39eb5fda549f7641f7b399fea601b5b6a87445",
    "https://deno.land/x/nano_jsx@v0.0.20/core.ts": "fcf7583ffa8bf0875189c976d78b3dd6f628534ac9cdb71b483685ce5e4201f0",
    "https://deno.land/x/nano_jsx@v0.0.20/fragment.ts": "9cfb0dcdcb02d5cc53f027b4b55609e4f9d6d9322b665292e572856f4b688569",
    "https://deno.land/x/nano_jsx@v0.0.20/helpers.ts": "a43b88759ea600a43cf7ac0de39bb6c6808d5d721a5f513fc2c12fbb175c3838",
    "https://deno.land/x/nano_jsx@v0.0.20/htm.ts": "d8d9cd4fb4ad4645bff3698c7eb96e7798022c5519d04e709ebde236edde156b",
    "https://deno.land/x/nano_jsx@v0.0.20/htm/build.ts": "bdfea61e233cf1cff66ff84e92c81726bb7dbb0fa583fddd5dad664e3d45bc5c",
    "https://deno.land/x/nano_jsx@v0.0.20/htm/constants.ts": "3f296f87f03bd0ba8d7673884a1f6c4c927a2774648eaa4fd3ca9e3c46c3f7b8",
    "https://deno.land/x/nano_jsx@v0.0.20/htm/index.ts": "1ec86859ce53ad435edba45ec47eead2ccf33eb83194cb1957da0aa32b31278c",
    "https://deno.land/x/nano_jsx@v0.0.20/index.ts": "aeba9c6c3fef0923f34510b0704abef4df25717b9d12367dd73a666a736a77b3",
    "https://deno.land/x/nano_jsx@v0.0.20/jsx.ts": "7d5b4d4a249fba1a42f2016f54f71ca049d96ff490e098db4a19b2a9b197b952",
    "https://deno.land/x/nano_jsx@v0.0.20/lazy.ts": "f8b8a2b915daff1fb70704ffad5171c805f1e28778b5cd0f8c827780762776c4",
    "https://deno.land/x/nano_jsx@v0.0.20/mod.ts": "882e3724ca160624f934070ead4633e971f81a90dcedc03a428f20769e96307b",
    "https://deno.land/x/nano_jsx@v0.0.20/ssr.ts": "7b4edad1576ed1ec868181f54c568b199937c0c755f8b5721f76757579dfd819",
    "https://deno.land/x/nano_jsx@v0.0.20/state.ts": "cfc6ca6eb5e65f4cd60717a0a96ce604053bacf6e0b8835afbe22327e9979a1b",
    "https://deno.land/x/nano_jsx@v0.0.20/store.ts": "eb6ff6e7c4c2eab3ca6a3a99469755e2150d960076b68fe615105e23ae627465",
    "https://deno.land/x/nano_jsx@v0.0.20/types.ts": "9887b8ebd69fa7d084a0f365a53300b50fabb9dd9644317851be023090e71531",
    "https://deno.land/x/nano_jsx@v0.0.20/version.ts": "61313977f22dce140bc4793f2ace74da8f96d1ed0932f2326c9e1cc3bec42006",
    "https://deno.land/x/nano_jsx@v0.0.20/withStyles.ts": "d10126fc6afd6fadf8dfb39739bafd02ed89a7c54d9b6390726e571c92098659"
  },
  "npm": {
    "specifiers": {
      "autoprefixer": "autoprefixer@10.4.13",
      "posthtml": "posthtml@0.16.6",
      "posthtml-custom-elements": "posthtml-custom-elements@1.1.2",
      "posthtml-postcss": "posthtml-postcss@0.5.0"
    },
    "packages": {
      "argparse@1.0.10": {
        "integrity": "sha512-o5Roy6tNG4SL/FOkCAN6RzjiakZS25RLYFrcMttJqbdd8BWrnA+fGz57iN5Pb06pvBGvl5gQ0B48dJlslXvoTg==",
        "dependencies": { "sprintf-js": "sprintf-js@1.0.3" }
      },
      "autoprefixer@10.4.13": {
        "integrity": "sha512-49vKpMqcZYsJjwotvt4+h/BCjJVnhGwcLpDt5xkcaOG3eLrG/HUYLagrihYsQ+qrIBgIzX1Rw7a6L8I/ZA1Atg==",
        "dependencies": {
          "browserslist": "browserslist@4.21.4_browserslist@4.21.4",
          "caniuse-lite": "caniuse-lite@1.0.30001439",
          "fraction.js": "fraction.js@4.2.0",
          "normalize-range": "normalize-range@0.1.2",
          "picocolors": "picocolors@1.0.0",
          "postcss": "postcss@8.4.19",
          "postcss-value-parser": "postcss-value-parser@4.2.0"
        }
      },
      "browserslist@4.21.4_browserslist@4.21.4": {
        "integrity": "sha512-CBHJJdDmgjl3daYjN5Cp5kbTf1mUhZoS+beLklHIvkOWscs83YAhLlF3Wsh/lciQYAcbBJgTOD44VtG31ZM4Hw==",
        "dependencies": {
          "caniuse-lite": "caniuse-lite@1.0.30001439",
          "electron-to-chromium": "electron-to-chromium@1.4.284",
          "node-releases": "node-releases@2.0.6",
          "update-browserslist-db": "update-browserslist-db@1.0.10_browserslist@4.21.4__browserslist@4.21.4"
        }
      },
      "caller-callsite@2.0.0": {
        "integrity": "sha512-JuG3qI4QOftFsZyOn1qq87fq5grLIyk1JYd5lJmdA+fG7aQ9pA/i3JIJGcO3q0MrRcHlOt1U+ZeHW8Dq9axALQ==",
        "dependencies": { "callsites": "callsites@2.0.0" }
      },
      "caller-path@2.0.0": {
        "integrity": "sha512-MCL3sf6nCSXOwCTzvPKhN18TU7AHTvdtam8DAogxcrJ8Rjfbbg7Lgng64H9Iy+vUV6VGFClN/TyxBkAebLRR4A==",
        "dependencies": { "caller-callsite": "caller-callsite@2.0.0" }
      },
      "callsites@2.0.0": {
        "integrity": "sha512-ksWePWBloaWPxJYQ8TL0JHvtci6G5QTKwQ95RcWAa/lzoAKuAOflGdAK92hpHXjkwb8zLxoLNUoNYZgVsaJzvQ==",
        "dependencies": {}
      },
      "caniuse-lite@1.0.30001439": {
        "integrity": "sha512-1MgUzEkoMO6gKfXflStpYgZDlFM7M/ck/bgfVCACO5vnAf0fXoNVHdWtqGU+MYca+4bL9Z5bpOVmR33cWW9G2A==",
        "dependencies": {}
      },
      "cosmiconfig@5.2.1": {
        "integrity": "sha512-H65gsXo1SKjf8zmrJ67eJk8aIRKV5ff2D4uKZIBZShbhGSpEmsQOPW/SKMKYhSTrqR7ufy6RP69rPogdaPh/kA==",
        "dependencies": {
          "import-fresh": "import-fresh@2.0.0",
          "is-directory": "is-directory@0.3.1",
          "js-yaml": "js-yaml@3.14.1",
          "parse-json": "parse-json@4.0.0"
        }
      },
      "dom-serializer@1.4.1": {
        "integrity": "sha512-VHwB3KfrcOOkelEG2ZOfxqLZdfkil8PtJi4P8N2MMXucZq2yLp75ClViUlOVwyoHEDjYU433Aq+5zWP61+RGag==",
        "dependencies": {
          "domelementtype": "domelementtype@2.3.0",
          "domhandler": "domhandler@4.3.1",
          "entities": "entities@2.2.0"
        }
      },
      "domelementtype@2.3.0": {
        "integrity": "sha512-OLETBj6w0OsagBwdXnPdN0cnMfF9opN69co+7ZrbfPGrdpPVNBUj02spi6B1N7wChLQiPn4CSH/zJvXw56gmHw==",
        "dependencies": {}
      },
      "domhandler@4.3.1": {
        "integrity": "sha512-GrwoxYN+uWlzO8uhUXRl0P+kHE4GtVPfYzVLcUxPL7KNdHKj66vvlhiweIHqYYXWlw+T8iLMp42Lm67ghw4WMQ==",
        "dependencies": { "domelementtype": "domelementtype@2.3.0" }
      },
      "domutils@2.8.0": {
        "integrity": "sha512-w96Cjofp72M5IIhpjgobBimYEfoPjx1Vx0BSX9P30WBdZW2WIKU0T1Bd0kz2eNZ9ikjKgHbEyKx8BB6H1L3h3A==",
        "dependencies": {
          "dom-serializer": "dom-serializer@1.4.1",
          "domelementtype": "domelementtype@2.3.0",
          "domhandler": "domhandler@4.3.1"
        }
      },
      "electron-to-chromium@1.4.284": {
        "integrity": "sha512-M8WEXFuKXMYMVr45fo8mq0wUrrJHheiKZf6BArTKk9ZBYCKJEOU5H8cdWgDT+qCVZf7Na4lVUaZsA+h6uA9+PA==",
        "dependencies": {}
      },
      "entities@2.2.0": {
        "integrity": "sha512-p92if5Nz619I0w+akJrLZH0MX0Pb5DX39XOwQTtXSdQQOaYH03S1uIQp4mhOZtAXrxq4ViO67YTiLBo2638o9A==",
        "dependencies": {}
      },
      "entities@3.0.1": {
        "integrity": "sha512-WiyBqoomrwMdFG1e0kqvASYfnlb0lp8M5o5Fw2OFq1hNZxxcNk8Ik0Xm7LxzBhuidnZB/UtBqVCgUz3kBOP51Q==",
        "dependencies": {}
      },
      "error-ex@1.3.2": {
        "integrity": "sha512-7dFHNmqeFSEt2ZBsCriorKnn3Z2pj+fd9kmI6QoWw4//DL+icEBfc0U7qJCisqrTsKTjw4fNFy2pW9OqStD84g==",
        "dependencies": { "is-arrayish": "is-arrayish@0.2.1" }
      },
      "escalade@3.1.1": {
        "integrity": "sha512-k0er2gUkLf8O0zKJiAhmkTnJlTvINGv7ygDNPbeIsX/TJjGJZHuh9B2UxbsaEkmlEo9MfhrSzmhIlhRlI2GXnw==",
        "dependencies": {}
      },
      "esprima@4.0.1": {
        "integrity": "sha512-eGuFFw7Upda+g4p+QHvnW0RyTX/SVeJBDM/gCtMARO0cLuT2HcEKnTPvhjV6aGeqrCB/sbNop0Kszm0jsaWU4A==",
        "dependencies": {}
      },
      "fraction.js@4.2.0": {
        "integrity": "sha512-MhLuK+2gUcnZe8ZHlaaINnQLl0xRIGRfcGk2yl8xoQAfHrSsL3rYu6FCmBdkdbhc9EPlwyGHewaRsvwRMJtAlA==",
        "dependencies": {}
      },
      "htmlparser2@7.2.0": {
        "integrity": "sha512-H7MImA4MS6cw7nbyURtLPO1Tms7C5H602LRETv95z1MxO/7CP7rDVROehUYeYBUYEON94NXXDEPmZuq+hX4sog==",
        "dependencies": {
          "domelementtype": "domelementtype@2.3.0",
          "domhandler": "domhandler@4.3.1",
          "domutils": "domutils@2.8.0",
          "entities": "entities@3.0.1"
        }
      },
      "import-cwd@2.1.0": {
        "integrity": "sha512-Ew5AZzJQFqrOV5BTW3EIoHAnoie1LojZLXKcCQ/yTRyVZosBhK1x1ViYjHGf5pAFOq8ZyChZp6m/fSN7pJyZtg==",
        "dependencies": { "import-from": "import-from@2.1.0" }
      },
      "import-fresh@2.0.0": {
        "integrity": "sha512-eZ5H8rcgYazHbKC3PG4ClHNykCSxtAhxSSEM+2mb+7evD2CKF5V7c0dNum7AdpDh0ZdICwZY9sRSn8f+KH96sg==",
        "dependencies": {
          "caller-path": "caller-path@2.0.0",
          "resolve-from": "resolve-from@3.0.0"
        }
      },
      "import-from@2.1.0": {
        "integrity": "sha512-0vdnLL2wSGnhlRmzHJAg5JHjt1l2vYhzJ7tNLGbeVg0fse56tpGaH0uzH+r9Slej+BSXXEHvBKDEnVSLLE9/+w==",
        "dependencies": { "resolve-from": "resolve-from@3.0.0" }
      },
      "is-arrayish@0.2.1": {
        "integrity": "sha512-zz06S8t0ozoDXMG+ube26zeCTNXcKIPJZJi8hBrF4idCLms4CG9QtK7qBl1boi5ODzFpjswb5JPmHCbMpjaYzg==",
        "dependencies": {}
      },
      "is-directory@0.3.1": {
        "integrity": "sha512-yVChGzahRFvbkscn2MlwGismPO12i9+znNruC5gVEntG3qu0xQMzsGg/JFbrsqDOHtHFPci+V5aP5T9I+yeKqw==",
        "dependencies": {}
      },
      "is-json@2.0.1": {
        "integrity": "sha512-6BEnpVn1rcf3ngfmViLM6vjUjGErbdrL4rwlv+u1NO1XO8kqT4YGL8+19Q+Z/bas8tY90BTWMk2+fW1g6hQjbA==",
        "dependencies": {}
      },
      "js-yaml@3.14.1": {
        "integrity": "sha512-okMH7OXXJ7YrN9Ok3/SXrnu4iX9yOk+25nqX4imS2npuvTYDmo/QEZoqwZkYaIDk3jVvBOTOIEgEhaLOynBS9g==",
        "dependencies": {
          "argparse": "argparse@1.0.10",
          "esprima": "esprima@4.0.1"
        }
      },
      "json-parse-better-errors@1.0.2": {
        "integrity": "sha512-mrqyZKfX5EhL7hvqcV6WG1yYjnjeuYDzDhhcAAUrq8Po85NBQBJP+ZDUT75qZQ98IkUoBqdkExkukOU7Ts2wrw==",
        "dependencies": {}
      },
      "nanoid@3.3.4": {
        "integrity": "sha512-MqBkQh/OHTS2egovRtLk45wEyNXwF+cokD+1YPf9u5VfJiRdAiRwB2froX5Co9Rh20xs4siNPm8naNotSD6RBw==",
        "dependencies": {}
      },
      "node-releases@2.0.6": {
        "integrity": "sha512-PiVXnNuFm5+iYkLBNeq5211hvO38y63T0i2KKh2KnUs3RpzJ+JtODFjkD8yjLwnDkTYF1eKXheUwdssR+NRZdg==",
        "dependencies": {}
      },
      "normalize-range@0.1.2": {
        "integrity": "sha512-bdok/XvKII3nUpklnV6P2hxtMNrCboOjAcyBuQnWEhO665FwrSNRxU+AqpsyvO6LgGYPspN+lu5CLtw4jPRKNA==",
        "dependencies": {}
      },
      "parse-json@4.0.0": {
        "integrity": "sha512-aOIos8bujGN93/8Ox/jPLh7RwVnPEysynVFE+fQZyg6jKELEHwzgKdLRFHUgXJL6kylijVSBC4BvN9OmsB48Rw==",
        "dependencies": {
          "error-ex": "error-ex@1.3.2",
          "json-parse-better-errors": "json-parse-better-errors@1.0.2"
        }
      },
      "picocolors@1.0.0": {
        "integrity": "sha512-1fygroTLlHu66zi26VoTDv8yRgm0Fccecssto+MhsZ0D/DGW2sm8E8AjW7NU5VVTRt5GxbeZ5qBuJr+HyLYkjQ==",
        "dependencies": {}
      },
      "postcss-load-config@2.1.2": {
        "integrity": "sha512-/rDeGV6vMUo3mwJZmeHfEDvwnTKKqQ0S7OHUi/kJvvtx3aWtyWG2/0ZWnzCt2keEclwN6Tf0DST2v9kITdOKYw==",
        "dependencies": {
          "cosmiconfig": "cosmiconfig@5.2.1",
          "import-cwd": "import-cwd@2.1.0"
        }
      },
      "postcss-value-parser@4.2.0": {
        "integrity": "sha512-1NNCs6uurfkVbeXG4S8JFT9t19m45ICnif8zWLd5oPSZ50QnwMfK+H3jv408d4jw/7Bttv5axS5IiHoLaVNHeQ==",
        "dependencies": {}
      },
      "postcss@8.4.19": {
        "integrity": "sha512-h+pbPsyhlYj6N2ozBmHhHrs9DzGmbaarbLvWipMRO7RLS+v4onj26MPFXA5OBYFxyqYhUJK456SwDcY9H2/zsA==",
        "dependencies": {
          "nanoid": "nanoid@3.3.4",
          "picocolors": "picocolors@1.0.0",
          "source-map-js": "source-map-js@1.0.2"
        }
      },
      "posthtml-custom-elements@1.1.2": {
        "integrity": "sha512-kuXLF+E/5dfrxt27vf5lBmDb2MHRJed6pL7iZ6q31N612HXrh35Zf3qrz1TQMm+FBxgxONTEnZ0hRU5z0dw9tA==",
        "dependencies": {}
      },
      "posthtml-parser@0.11.0": {
        "integrity": "sha512-QecJtfLekJbWVo/dMAA+OSwY79wpRmbqS5TeXvXSX+f0c6pW4/SE6inzZ2qkU7oAMCPqIDkZDvd/bQsSFUnKyw==",
        "dependencies": { "htmlparser2": "htmlparser2@7.2.0" }
      },
      "posthtml-postcss@0.5.0": {
        "integrity": "sha512-gNcVrUzVMYtamWEhykt3y8jgzo0gnV+F7HvW7qHp8LmsFO17WkWipD4h+Flyaa73K4a02pnWTZpa5uFzOO3WRA==",
        "dependencies": {
          "postcss": "postcss@8.4.19",
          "postcss-load-config": "postcss-load-config@2.1.2"
        }
      },
      "posthtml-render@3.0.0": {
        "integrity": "sha512-z+16RoxK3fUPgwaIgH9NGnK1HKY9XIDpydky5eQGgAFVXTCSezalv9U2jQuNV+Z9qV1fDWNzldcw4eK0SSbqKA==",
        "dependencies": { "is-json": "is-json@2.0.1" }
      },
      "posthtml@0.16.6": {
        "integrity": "sha512-JcEmHlyLK/o0uGAlj65vgg+7LIms0xKXe60lcDOTU7oVX/3LuEuLwrQpW3VJ7de5TaFKiW4kWkaIpJL42FEgxQ==",
        "dependencies": {
          "posthtml-parser": "posthtml-parser@0.11.0",
          "posthtml-render": "posthtml-render@3.0.0"
        }
      },
      "resolve-from@3.0.0": {
        "integrity": "sha512-GnlH6vxLymXJNMBo7XP1fJIzBFbdYt49CuTwmB/6N53t+kMPRMFKz783LlQ4tv28XoQfMWinAJX6WCGf2IlaIw==",
        "dependencies": {}
      },
      "source-map-js@1.0.2": {
        "integrity": "sha512-R0XvVJ9WusLiqTCEiGCmICCMplcCkIwwR11mOSD9CR5u+IXYdiseeEuXCVAjS54zqwkLcPNnmU4OeJ6tUrWhDw==",
        "dependencies": {}
      },
      "sprintf-js@1.0.3": {
        "integrity": "sha512-D9cPgkvLlV3t3IzL0D0YLvGA9Ahk4PcvVwUbN0dSGr1aP0Nrt4AEnTUbuGvquEC0mA64Gqt1fzirlRs5ibXx8g==",
        "dependencies": {}
      },
      "update-browserslist-db@1.0.10_browserslist@4.21.4__browserslist@4.21.4": {
        "integrity": "sha512-OztqDenkfFkbSG+tRxBeAnCVPckDBcvibKd35yDONx6OU8N7sqgwc7rCbkJ/WcYtVRZ4ba68d6byhC21GFh7sQ==",
        "dependencies": {
          "browserslist": "browserslist@4.21.4_browserslist@4.21.4",
          "escalade": "escalade@3.1.1",
          "picocolors": "picocolors@1.0.0"
        }
      }
    }
  }
}
