{
  "version": "2",
  "remote": {
    "https://deno.land/std@0.167.0/async/abortable.ts": "80b2ac399f142cc528f95a037a7d0e653296352d95c681e284533765961de409",
    "https://deno.land/std@0.167.0/async/deadline.ts": "2c2deb53c7c28ca1dda7a3ad81e70508b1ebc25db52559de6b8636c9278fd41f",
    "https://deno.land/std@0.167.0/async/debounce.ts": "60301ffb37e730cd2d6f9dadfd0ecb2a38857681bd7aaf6b0a106b06e5210a98",
    "https://deno.land/std@0.167.0/async/deferred.ts": "77d3f84255c3627f1cc88699d8472b664d7635990d5358c4351623e098e917d6",
    "https://deno.land/std@0.167.0/async/delay.ts": "5a9bfba8de38840308a7a33786a0155a7f6c1f7a859558ddcec5fe06e16daf57",
    "https://deno.land/std@0.167.0/async/mod.ts": "7809ad4bb223e40f5fdc043e5c7ca04e0e25eed35c32c3c32e28697c553fa6d9",
    "https://deno.land/std@0.167.0/async/mux_async_iterator.ts": "770a0ff26c59f8bbbda6b703a2235f04e379f73238e8d66a087edc68c2a2c35f",
    "https://deno.land/std@0.167.0/async/pool.ts": "6854d8cd675a74c73391c82005cbbe4cc58183bddcd1fbbd7c2bcda42b61cf69",
    "https://deno.land/std@0.167.0/async/retry.ts": "e8e5173623915bbc0ddc537698fa418cf875456c347eda1ed453528645b42e67",
    "https://deno.land/std@0.167.0/async/tee.ts": "3a47cc4e9a940904fd4341f0224907e199121c80b831faa5ec2b054c6d2eff5e",
    "https://deno.land/std@0.167.0/dotenv/load.ts": "9adeb1fb395f991f958a06c8b3adafdcbac0056e7a6a35bf9d33eab6347ef63c",
    "https://deno.land/std@0.167.0/dotenv/mod.ts": "9846f28b263c0c793345d74939f69bf34b46446aa2450e070c10a2140064165a",
    "https://deno.land/std@0.167.0/dotenv/util.ts": "6cc392f087577a26a27f0463f77cc0c31a390aa055917099935b36eb2454592d",
    "https://deno.land/std@0.167.0/http/server.ts": "e99c1bee8a3f6571ee4cdeb2966efad465b8f6fe62bec1bdb59c1f007cc4d155",
    "https://deno.land/x/backpack@0.0.2/index.js": "1f96aa5d51d25c8cc671e1008a28ef25c129e174bfa773a886a6c48483f53af7",
    "https://deno.land/x/backpack@0.0.2/server.js": "20a1aca320d57ff66ac28424746c3c6b7e0e18d83309d8e54f9d855fae74b2d8"
  },
  "npm": {
    "specifiers": {
      "autoprefixer": "autoprefixer@10.4.13",
      "posthtml": "posthtml@0.16.6",
      "posthtml-custom-elements": "posthtml-custom-elements@1.1.2",
      "posthtml-postcss": "posthtml-postcss@0.5.0"
    },
    "packages": {
      "argparse@1.0.10": {
        "integrity": "sha512-o5Roy6tNG4SL/FOkCAN6RzjiakZS25RLYFrcMttJqbdd8BWrnA+fGz57iN5Pb06pvBGvl5gQ0B48dJlslXvoTg==",
        "dependencies": { "sprintf-js": "sprintf-js@1.0.3" }
      },
      "autoprefixer@10.4.13": {
        "integrity": "sha512-49vKpMqcZYsJjwotvt4+h/BCjJVnhGwcLpDt5xkcaOG3eLrG/HUYLagrihYsQ+qrIBgIzX1Rw7a6L8I/ZA1Atg==",
        "dependencies": {
          "browserslist": "browserslist@4.21.4_browserslist@4.21.4",
          "caniuse-lite": "caniuse-lite@1.0.30001439",
          "fraction.js": "fraction.js@4.2.0",
          "normalize-range": "normalize-range@0.1.2",
          "picocolors": "picocolors@1.0.0",
          "postcss": "postcss@8.4.19",
          "postcss-value-parser": "postcss-value-parser@4.2.0"
        }
      },
      "browserslist@4.21.4_browserslist@4.21.4": {
        "integrity": "sha512-CBHJJdDmgjl3daYjN5Cp5kbTf1mUhZoS+beLklHIvkOWscs83YAhLlF3Wsh/lciQYAcbBJgTOD44VtG31ZM4Hw==",
        "dependencies": {
          "caniuse-lite": "caniuse-lite@1.0.30001439",
          "electron-to-chromium": "electron-to-chromium@1.4.284",
          "node-releases": "node-releases@2.0.6",
          "update-browserslist-db": "update-browserslist-db@1.0.10_browserslist@4.21.4__browserslist@4.21.4"
        }
      },
      "caller-callsite@2.0.0": {
        "integrity": "sha512-JuG3qI4QOftFsZyOn1qq87fq5grLIyk1JYd5lJmdA+fG7aQ9pA/i3JIJGcO3q0MrRcHlOt1U+ZeHW8Dq9axALQ==",
        "dependencies": { "callsites": "callsites@2.0.0" }
      },
      "caller-path@2.0.0": {
        "integrity": "sha512-MCL3sf6nCSXOwCTzvPKhN18TU7AHTvdtam8DAogxcrJ8Rjfbbg7Lgng64H9Iy+vUV6VGFClN/TyxBkAebLRR4A==",
        "dependencies": { "caller-callsite": "caller-callsite@2.0.0" }
      },
      "callsites@2.0.0": {
        "integrity": "sha512-ksWePWBloaWPxJYQ8TL0JHvtci6G5QTKwQ95RcWAa/lzoAKuAOflGdAK92hpHXjkwb8zLxoLNUoNYZgVsaJzvQ==",
        "dependencies": {}
      },
      "caniuse-lite@1.0.30001439": {
        "integrity": "sha512-1MgUzEkoMO6gKfXflStpYgZDlFM7M/ck/bgfVCACO5vnAf0fXoNVHdWtqGU+MYca+4bL9Z5bpOVmR33cWW9G2A==",
        "dependencies": {}
      },
      "cosmiconfig@5.2.1": {
        "integrity": "sha512-H65gsXo1SKjf8zmrJ67eJk8aIRKV5ff2D4uKZIBZShbhGSpEmsQOPW/SKMKYhSTrqR7ufy6RP69rPogdaPh/kA==",
        "dependencies": {
          "import-fresh": "import-fresh@2.0.0",
          "is-directory": "is-directory@0.3.1",
          "js-yaml": "js-yaml@3.14.1",
          "parse-json": "parse-json@4.0.0"
        }
      },
      "dom-serializer@1.4.1": {
        "integrity": "sha512-VHwB3KfrcOOkelEG2ZOfxqLZdfkil8PtJi4P8N2MMXucZq2yLp75ClViUlOVwyoHEDjYU433Aq+5zWP61+RGag==",
        "dependencies": {
          "domelementtype": "domelementtype@2.3.0",
          "domhandler": "domhandler@4.3.1",
          "entities": "entities@2.2.0"
        }
      },
      "domelementtype@2.3.0": {
        "integrity": "sha512-OLETBj6w0OsagBwdXnPdN0cnMfF9opN69co+7ZrbfPGrdpPVNBUj02spi6B1N7wChLQiPn4CSH/zJvXw56gmHw==",
        "dependencies": {}
      },
      "domhandler@4.3.1": {
        "integrity": "sha512-GrwoxYN+uWlzO8uhUXRl0P+kHE4GtVPfYzVLcUxPL7KNdHKj66vvlhiweIHqYYXWlw+T8iLMp42Lm67ghw4WMQ==",
        "dependencies": { "domelementtype": "domelementtype@2.3.0" }
      },
      "domutils@2.8.0": {
        "integrity": "sha512-w96Cjofp72M5IIhpjgobBimYEfoPjx1Vx0BSX9P30WBdZW2WIKU0T1Bd0kz2eNZ9ikjKgHbEyKx8BB6H1L3h3A==",
        "dependencies": {
          "dom-serializer": "dom-serializer@1.4.1",
          "domelementtype": "domelementtype@2.3.0",
          "domhandler": "domhandler@4.3.1"
        }
      },
      "electron-to-chromium@1.4.284": {
        "integrity": "sha512-M8WEXFuKXMYMVr45fo8mq0wUrrJHheiKZf6BArTKk9ZBYCKJEOU5H8cdWgDT+qCVZf7Na4lVUaZsA+h6uA9+PA==",
        "dependencies": {}
      },
      "entities@2.2.0": {
        "integrity": "sha512-p92if5Nz619I0w+akJrLZH0MX0Pb5DX39XOwQTtXSdQQOaYH03S1uIQp4mhOZtAXrxq4ViO67YTiLBo2638o9A==",
        "dependencies": {}
      },
      "entities@3.0.1": {
        "integrity": "sha512-WiyBqoomrwMdFG1e0kqvASYfnlb0lp8M5o5Fw2OFq1hNZxxcNk8Ik0Xm7LxzBhuidnZB/UtBqVCgUz3kBOP51Q==",
        "dependencies": {}
      },
      "error-ex@1.3.2": {
        "integrity": "sha512-7dFHNmqeFSEt2ZBsCriorKnn3Z2pj+fd9kmI6QoWw4//DL+icEBfc0U7qJCisqrTsKTjw4fNFy2pW9OqStD84g==",
        "dependencies": { "is-arrayish": "is-arrayish@0.2.1" }
      },
      "escalade@3.1.1": {
        "integrity": "sha512-k0er2gUkLf8O0zKJiAhmkTnJlTvINGv7ygDNPbeIsX/TJjGJZHuh9B2UxbsaEkmlEo9MfhrSzmhIlhRlI2GXnw==",
        "dependencies": {}
      },
      "esprima@4.0.1": {
        "integrity": "sha512-eGuFFw7Upda+g4p+QHvnW0RyTX/SVeJBDM/gCtMARO0cLuT2HcEKnTPvhjV6aGeqrCB/sbNop0Kszm0jsaWU4A==",
        "dependencies": {}
      },
      "fraction.js@4.2.0": {
        "integrity": "sha512-MhLuK+2gUcnZe8ZHlaaINnQLl0xRIGRfcGk2yl8xoQAfHrSsL3rYu6FCmBdkdbhc9EPlwyGHewaRsvwRMJtAlA==",
        "dependencies": {}
      },
      "htmlparser2@7.2.0": {
        "integrity": "sha512-H7MImA4MS6cw7nbyURtLPO1Tms7C5H602LRETv95z1MxO/7CP7rDVROehUYeYBUYEON94NXXDEPmZuq+hX4sog==",
        "dependencies": {
          "domelementtype": "domelementtype@2.3.0",
          "domhandler": "domhandler@4.3.1",
          "domutils": "domutils@2.8.0",
          "entities": "entities@3.0.1"
        }
      },
      "import-cwd@2.1.0": {
        "integrity": "sha512-Ew5AZzJQFqrOV5BTW3EIoHAnoie1LojZLXKcCQ/yTRyVZosBhK1x1ViYjHGf5pAFOq8ZyChZp6m/fSN7pJyZtg==",
        "dependencies": { "import-from": "import-from@2.1.0" }
      },
      "import-fresh@2.0.0": {
        "integrity": "sha512-eZ5H8rcgYazHbKC3PG4ClHNykCSxtAhxSSEM+2mb+7evD2CKF5V7c0dNum7AdpDh0ZdICwZY9sRSn8f+KH96sg==",
        "dependencies": {
          "caller-path": "caller-path@2.0.0",
          "resolve-from": "resolve-from@3.0.0"
        }
      },
      "import-from@2.1.0": {
        "integrity": "sha512-0vdnLL2wSGnhlRmzHJAg5JHjt1l2vYhzJ7tNLGbeVg0fse56tpGaH0uzH+r9Slej+BSXXEHvBKDEnVSLLE9/+w==",
        "dependencies": { "resolve-from": "resolve-from@3.0.0" }
      },
      "is-arrayish@0.2.1": {
        "integrity": "sha512-zz06S8t0ozoDXMG+ube26zeCTNXcKIPJZJi8hBrF4idCLms4CG9QtK7qBl1boi5ODzFpjswb5JPmHCbMpjaYzg==",
        "dependencies": {}
      },
      "is-directory@0.3.1": {
        "integrity": "sha512-yVChGzahRFvbkscn2MlwGismPO12i9+znNruC5gVEntG3qu0xQMzsGg/JFbrsqDOHtHFPci+V5aP5T9I+yeKqw==",
        "dependencies": {}
      },
      "is-json@2.0.1": {
        "integrity": "sha512-6BEnpVn1rcf3ngfmViLM6vjUjGErbdrL4rwlv+u1NO1XO8kqT4YGL8+19Q+Z/bas8tY90BTWMk2+fW1g6hQjbA==",
        "dependencies": {}
      },
      "js-yaml@3.14.1": {
        "integrity": "sha512-okMH7OXXJ7YrN9Ok3/SXrnu4iX9yOk+25nqX4imS2npuvTYDmo/QEZoqwZkYaIDk3jVvBOTOIEgEhaLOynBS9g==",
        "dependencies": {
          "argparse": "argparse@1.0.10",
          "esprima": "esprima@4.0.1"
        }
      },
      "json-parse-better-errors@1.0.2": {
        "integrity": "sha512-mrqyZKfX5EhL7hvqcV6WG1yYjnjeuYDzDhhcAAUrq8Po85NBQBJP+ZDUT75qZQ98IkUoBqdkExkukOU7Ts2wrw==",
        "dependencies": {}
      },
      "nanoid@3.3.4": {
        "integrity": "sha512-MqBkQh/OHTS2egovRtLk45wEyNXwF+cokD+1YPf9u5VfJiRdAiRwB2froX5Co9Rh20xs4siNPm8naNotSD6RBw==",
        "dependencies": {}
      },
      "node-releases@2.0.6": {
        "integrity": "sha512-PiVXnNuFm5+iYkLBNeq5211hvO38y63T0i2KKh2KnUs3RpzJ+JtODFjkD8yjLwnDkTYF1eKXheUwdssR+NRZdg==",
        "dependencies": {}
      },
      "normalize-range@0.1.2": {
        "integrity": "sha512-bdok/XvKII3nUpklnV6P2hxtMNrCboOjAcyBuQnWEhO665FwrSNRxU+AqpsyvO6LgGYPspN+lu5CLtw4jPRKNA==",
        "dependencies": {}
      },
      "parse-json@4.0.0": {
        "integrity": "sha512-aOIos8bujGN93/8Ox/jPLh7RwVnPEysynVFE+fQZyg6jKELEHwzgKdLRFHUgXJL6kylijVSBC4BvN9OmsB48Rw==",
        "dependencies": {
          "error-ex": "error-ex@1.3.2",
          "json-parse-better-errors": "json-parse-better-errors@1.0.2"
        }
      },
      "picocolors@1.0.0": {
        "integrity": "sha512-1fygroTLlHu66zi26VoTDv8yRgm0Fccecssto+MhsZ0D/DGW2sm8E8AjW7NU5VVTRt5GxbeZ5qBuJr+HyLYkjQ==",
        "dependencies": {}
      },
      "postcss-load-config@2.1.2": {
        "integrity": "sha512-/rDeGV6vMUo3mwJZmeHfEDvwnTKKqQ0S7OHUi/kJvvtx3aWtyWG2/0ZWnzCt2keEclwN6Tf0DST2v9kITdOKYw==",
        "dependencies": {
          "cosmiconfig": "cosmiconfig@5.2.1",
          "import-cwd": "import-cwd@2.1.0"
        }
      },
      "postcss-value-parser@4.2.0": {
        "integrity": "sha512-1NNCs6uurfkVbeXG4S8JFT9t19m45ICnif8zWLd5oPSZ50QnwMfK+H3jv408d4jw/7Bttv5axS5IiHoLaVNHeQ==",
        "dependencies": {}
      },
      "postcss@8.4.19": {
        "integrity": "sha512-h+pbPsyhlYj6N2ozBmHhHrs9DzGmbaarbLvWipMRO7RLS+v4onj26MPFXA5OBYFxyqYhUJK456SwDcY9H2/zsA==",
        "dependencies": {
          "nanoid": "nanoid@3.3.4",
          "picocolors": "picocolors@1.0.0",
          "source-map-js": "source-map-js@1.0.2"
        }
      },
      "posthtml-custom-elements@1.1.2": {
        "integrity": "sha512-kuXLF+E/5dfrxt27vf5lBmDb2MHRJed6pL7iZ6q31N612HXrh35Zf3qrz1TQMm+FBxgxONTEnZ0hRU5z0dw9tA==",
        "dependencies": {}
      },
      "posthtml-parser@0.11.0": {
        "integrity": "sha512-QecJtfLekJbWVo/dMAA+OSwY79wpRmbqS5TeXvXSX+f0c6pW4/SE6inzZ2qkU7oAMCPqIDkZDvd/bQsSFUnKyw==",
        "dependencies": { "htmlparser2": "htmlparser2@7.2.0" }
      },
      "posthtml-postcss@0.5.0": {
        "integrity": "sha512-gNcVrUzVMYtamWEhykt3y8jgzo0gnV+F7HvW7qHp8LmsFO17WkWipD4h+Flyaa73K4a02pnWTZpa5uFzOO3WRA==",
        "dependencies": {
          "postcss": "postcss@8.4.19",
          "postcss-load-config": "postcss-load-config@2.1.2"
        }
      },
      "posthtml-render@3.0.0": {
        "integrity": "sha512-z+16RoxK3fUPgwaIgH9NGnK1HKY9XIDpydky5eQGgAFVXTCSezalv9U2jQuNV+Z9qV1fDWNzldcw4eK0SSbqKA==",
        "dependencies": { "is-json": "is-json@2.0.1" }
      },
      "posthtml@0.16.6": {
        "integrity": "sha512-JcEmHlyLK/o0uGAlj65vgg+7LIms0xKXe60lcDOTU7oVX/3LuEuLwrQpW3VJ7de5TaFKiW4kWkaIpJL42FEgxQ==",
        "dependencies": {
          "posthtml-parser": "posthtml-parser@0.11.0",
          "posthtml-render": "posthtml-render@3.0.0"
        }
      },
      "resolve-from@3.0.0": {
        "integrity": "sha512-GnlH6vxLymXJNMBo7XP1fJIzBFbdYt49CuTwmB/6N53t+kMPRMFKz783LlQ4tv28XoQfMWinAJX6WCGf2IlaIw==",
        "dependencies": {}
      },
      "source-map-js@1.0.2": {
        "integrity": "sha512-R0XvVJ9WusLiqTCEiGCmICCMplcCkIwwR11mOSD9CR5u+IXYdiseeEuXCVAjS54zqwkLcPNnmU4OeJ6tUrWhDw==",
        "dependencies": {}
      },
      "sprintf-js@1.0.3": {
        "integrity": "sha512-D9cPgkvLlV3t3IzL0D0YLvGA9Ahk4PcvVwUbN0dSGr1aP0Nrt4AEnTUbuGvquEC0mA64Gqt1fzirlRs5ibXx8g==",
        "dependencies": {}
      },
      "update-browserslist-db@1.0.10_browserslist@4.21.4__browserslist@4.21.4": {
        "integrity": "sha512-OztqDenkfFkbSG+tRxBeAnCVPckDBcvibKd35yDONx6OU8N7sqgwc7rCbkJ/WcYtVRZ4ba68d6byhC21GFh7sQ==",
        "dependencies": {
          "browserslist": "browserslist@4.21.4_browserslist@4.21.4",
          "escalade": "escalade@3.1.1",
          "picocolors": "picocolors@1.0.0"
        }
      }
    }
  }
}
